
Microsoft Visual Studio Solution File, Format Version 12.00
# Visual Studio 15
Project("{FAE04EC0-301F-11D3-BF4B-00C04F79EFBC}") = "Assembly-CSharp", "Assembly-CSharp.csproj", "{8E4E120C-1D63-FCB8-35D3-35835B0D46BD}"
EndProject
Project("{FAE04EC0-301F-11D3-BF4B-00C04F79EFBC}") = "Assembly-CSharp-Editor", "Assembly-CSharp-Editor.csproj", "{F21A9D39-E752-A6F6-BE76-4999A39B99D3}"
EndProject
Global
	GlobalSection(SolutionConfigurationPlatforms) = preSolution
		Debug|Any CPU = Debug|Any CPU
		Release|Any CPU = Release|Any CPU
	EndGlobalSection
	GlobalSection(ProjectConfigurationPlatforms) = postSolution
		{8E4E120C-1D63-FCB8-35D3-35835B0D46BD}.Debug|Any CPU.ActiveCfg = Debug|Any CPU
		{8E4E120C-1D63-FCB8-35D3-35835B0D46BD}.Debug|Any CPU.Build.0 = Debug|Any CPU
		{8E4E120C-1D63-FCB8-35D3-35835B0D46BD}.Release|Any CPU.ActiveCfg = Release|Any CPU
		{8E4E120C-1D63-FCB8-35D3-35835B0D46BD}.Release|Any CPU.Build.0 = Release|Any CPU
		{F21A9D39-E752-A6F6-BE76-4999A39B99D3}.Debug|Any CPU.ActiveCfg = Debug|Any CPU
		{F21A9D39-E752-A6F6-BE76-4999A39B99D3}.Debug|Any CPU.Build.0 = Debug|Any CPU
		{F21A9D39-E752-A6F6-BE76-4999A39B99D3}.Release|Any CPU.ActiveCfg = Release|Any CPU
		{F21A9D39-E752-A6F6-BE76-4999A39B99D3}.Release|Any CPU.Build.0 = Release|Any CPU
	EndGlobalSection
	GlobalSection(SolutionProperties) = preSolution
		HideSolutionNode = FALSE
	EndGlobalSection
EndGlobal
